
Microsoft Visual Studio Solution File, Format Version 12.00
# Visual Studio Version 17
VisualStudioVersion = 17.7.34221.43
MinimumVisualStudioVersion = 10.0.40219.1
Project("{FAE04EC0-301F-11D3-BF4B-00C04F79EFBC}") = "Aula02 - Operadores Aritméticos", "Aula02 - Operadores Aritméticos\Aula02 - Operadores Aritméticos.csproj", "{93BB23C8-6214-49A4-A59A-8290A0B83074}"
EndProject
Global
	GlobalSection(SolutionConfigurationPlatforms) = preSolution
		Debug|Any CPU = Debug|Any CPU
		Release|Any CPU = Release|Any CPU
	EndGlobalSection
	GlobalSection(ProjectConfigurationPlatforms) = postSolution
		{93BB23C8-6214-49A4-A59A-8290A0B83074}.Debug|Any CPU.ActiveCfg = Debug|Any CPU
		{93BB23C8-6214-49A4-A59A-8290A0B83074}.Debug|Any CPU.Build.0 = Debug|Any CPU
		{93BB23C8-6214-49A4-A59A-8290A0B83074}.Release|Any CPU.ActiveCfg = Release|Any CPU
		{93BB23C8-6214-49A4-A59A-8290A0B83074}.Release|Any CPU.Build.0 = Release|Any CPU
	EndGlobalSection
	GlobalSection(SolutionProperties) = preSolution
		HideSolutionNode = FALSE
	EndGlobalSection
	GlobalSection(ExtensibilityGlobals) = postSolution
		SolutionGuid = {C92AE52A-C054-4104-A072-9653FE473D74}
	EndGlobalSection
EndGlobal
